
Microsoft Visual Studio Solution File, Format Version 12.00
# Visual Studio Version 16
VisualStudioVersion = 16.0.30907.101
MinimumVisualStudioVersion = 10.0.40219.1
Project("{FAE04EC0-301F-11D3-BF4B-00C04F79EFBC}") = "PizzaMVVM", "PizzaMVVM\PizzaMVVM.csproj", "{9F47B4DE-685E-4575-9785-8DAB503386E0}"
EndProject
Global
	GlobalSection(SolutionConfigurationPlatforms) = preSolution
		Debug|Any CPU = Debug|Any CPU
		Release|Any CPU = Release|Any CPU
	EndGlobalSection
	GlobalSection(ProjectConfigurationPlatforms) = postSolution
		{9F47B4DE-685E-4575-9785-8DAB503386E0}.Debug|Any CPU.ActiveCfg = Debug|Any CPU
		{9F47B4DE-685E-4575-9785-8DAB503386E0}.Debug|Any CPU.Build.0 = Debug|Any CPU
		{9F47B4DE-685E-4575-9785-8DAB503386E0}.Release|Any CPU.ActiveCfg = Release|Any CPU
		{9F47B4DE-685E-4575-9785-8DAB503386E0}.Release|Any CPU.Build.0 = Release|Any CPU
	EndGlobalSection
	GlobalSection(SolutionProperties) = preSolution
		HideSolutionNode = FALSE
	EndGlobalSection
	GlobalSection(ExtensibilityGlobals) = postSolution
		SolutionGuid = {0607C678-46B5-4995-9866-7A71DB1594AF}
	EndGlobalSection
EndGlobal
